
Microsoft Visual Studio Solution File, Format Version 12.00
# Visual Studio Version 17
VisualStudioVersion = 17.4.33110.190
MinimumVisualStudioVersion = 10.0.40219.1
Project("{9A19103F-16F7-4668-BE54-9A1E7A4F7556}") = "Controls.Net7.Api", "Controls.Models.Api\Controls.Net7.Api.csproj", "{7A74BD52-314D-4347-BA32-A89CC9CBF475}"
EndProject
Project("{9A19103F-16F7-4668-BE54-9A1E7A4F7556}") = "Controls.Net7.App", "Controls.Net7.App\Controls.Net7.App.csproj", "{9BB158BE-FFFC-45D1-A05F-BD2A00A54548}"
EndProject
Project("{FAE04EC0-301F-11D3-BF4B-00C04F79EFBC}") = "WindowsServer", "Controls.Models.WindowsServer\WindowsServer.csproj", "{2AD45622-3639-49AB-BE46-4176C6B630A1}"
EndProject
Project("{9A19103F-16F7-4668-BE54-9A1E7A4F7556}") = "Controls.Models", "Controls.Models\Controls.Models.csproj", "{25E1C861-EBB0-47EF-AEA4-2DDB6B2965B8}"
EndProject
Project("{2150E333-8FDC-42A3-9474-1A3956D46DE8}") = "Solution Items", "Solution Items", "{AF3A1754-761B-4602-8602-43219FA0807A}"
	ProjectSection(SolutionItems) = preProject
		.editorconfig = .editorconfig
	EndProjectSection
EndProject
Project("{2150E333-8FDC-42A3-9474-1A3956D46DE8}") = "listens", "listens", "{D174A054-FF31-4CB5-B59F-462141EB6AA8}"
EndProject
Project("{FAE04EC0-301F-11D3-BF4B-00C04F79EFBC}") = "Core", "Controls.Net48.Listen\Core\Core.csproj", "{FA57023C-3399-45A4-A339-E453002BD878}"
EndProject
Project("{FAE04EC0-301F-11D3-BF4B-00C04F79EFBC}") = "TaiBug", "Controls.Net48.Listen\TaiBug\TaiBug.csproj", "{758D59B2-C438-4DE4-B135-7FF0614FE4B7}"
EndProject
Project("{FAE04EC0-301F-11D3-BF4B-00C04F79EFBC}") = "UI", "Controls.Net48.Listen\UI\UI.csproj", "{24270E1E-8C24-40B0-A463-98753DFAA4AE}"
EndProject
Project("{FAE04EC0-301F-11D3-BF4B-00C04F79EFBC}") = "Updater", "Controls.Net48.Listen\Updater\Updater.csproj", "{7A2F2592-3079-441C-8704-E71CE75BC593}"
EndProject
Global
	GlobalSection(SolutionConfigurationPlatforms) = preSolution
		Debug|Any CPU = Debug|Any CPU
		Debug|ARM64 = Debug|ARM64
		Debug|x64 = Debug|x64
		Release|Any CPU = Release|Any CPU
		Release|ARM64 = Release|ARM64
		Release|x64 = Release|x64
	EndGlobalSection
	GlobalSection(ProjectConfigurationPlatforms) = postSolution
		{7A74BD52-314D-4347-BA32-A89CC9CBF475}.Debug|Any CPU.ActiveCfg = Debug|Any CPU
		{7A74BD52-314D-4347-BA32-A89CC9CBF475}.Debug|Any CPU.Build.0 = Debug|Any CPU
		{7A74BD52-314D-4347-BA32-A89CC9CBF475}.Debug|ARM64.ActiveCfg = Debug|Any CPU
		{7A74BD52-314D-4347-BA32-A89CC9CBF475}.Debug|ARM64.Build.0 = Debug|Any CPU
		{7A74BD52-314D-4347-BA32-A89CC9CBF475}.Debug|x64.ActiveCfg = Debug|Any CPU
		{7A74BD52-314D-4347-BA32-A89CC9CBF475}.Debug|x64.Build.0 = Debug|Any CPU
		{7A74BD52-314D-4347-BA32-A89CC9CBF475}.Release|Any CPU.ActiveCfg = Release|Any CPU
		{7A74BD52-314D-4347-BA32-A89CC9CBF475}.Release|Any CPU.Build.0 = Release|Any CPU
		{7A74BD52-314D-4347-BA32-A89CC9CBF475}.Release|ARM64.ActiveCfg = Release|Any CPU
		{7A74BD52-314D-4347-BA32-A89CC9CBF475}.Release|ARM64.Build.0 = Release|Any CPU
		{7A74BD52-314D-4347-BA32-A89CC9CBF475}.Release|x64.ActiveCfg = Release|Any CPU
		{7A74BD52-314D-4347-BA32-A89CC9CBF475}.Release|x64.Build.0 = Release|Any CPU
		{9BB158BE-FFFC-45D1-A05F-BD2A00A54548}.Debug|Any CPU.ActiveCfg = Debug|Any CPU
		{9BB158BE-FFFC-45D1-A05F-BD2A00A54548}.Debug|Any CPU.Build.0 = Debug|Any CPU
		{9BB158BE-FFFC-45D1-A05F-BD2A00A54548}.Debug|Any CPU.Deploy.0 = Debug|Any CPU
		{9BB158BE-FFFC-45D1-A05F-BD2A00A54548}.Debug|ARM64.ActiveCfg = Debug|Any CPU
		{9BB158BE-FFFC-45D1-A05F-BD2A00A54548}.Debug|ARM64.Build.0 = Debug|Any CPU
		{9BB158BE-FFFC-45D1-A05F-BD2A00A54548}.Debug|ARM64.Deploy.0 = Debug|Any CPU
		{9BB158BE-FFFC-45D1-A05F-BD2A00A54548}.Debug|x64.ActiveCfg = Debug|Any CPU
		{9BB158BE-FFFC-45D1-A05F-BD2A00A54548}.Debug|x64.Build.0 = Debug|Any CPU
		{9BB158BE-FFFC-45D1-A05F-BD2A00A54548}.Debug|x64.Deploy.0 = Debug|Any CPU
		{9BB158BE-FFFC-45D1-A05F-BD2A00A54548}.Release|Any CPU.ActiveCfg = Release|Any CPU
		{9BB158BE-FFFC-45D1-A05F-BD2A00A54548}.Release|Any CPU.Build.0 = Release|Any CPU
		{9BB158BE-FFFC-45D1-A05F-BD2A00A54548}.Release|Any CPU.Deploy.0 = Release|Any CPU
		{9BB158BE-FFFC-45D1-A05F-BD2A00A54548}.Release|ARM64.ActiveCfg = Release|Any CPU
		{9BB158BE-FFFC-45D1-A05F-BD2A00A54548}.Release|ARM64.Build.0 = Release|Any CPU
		{9BB158BE-FFFC-45D1-A05F-BD2A00A54548}.Release|ARM64.Deploy.0 = Release|Any CPU
		{9BB158BE-FFFC-45D1-A05F-BD2A00A54548}.Release|x64.ActiveCfg = Release|Any CPU
		{9BB158BE-FFFC-45D1-A05F-BD2A00A54548}.Release|x64.Build.0 = Release|Any CPU
		{9BB158BE-FFFC-45D1-A05F-BD2A00A54548}.Release|x64.Deploy.0 = Release|Any CPU
		{2AD45622-3639-49AB-BE46-4176C6B630A1}.Debug|Any CPU.ActiveCfg = Debug|Any CPU
		{2AD45622-3639-49AB-BE46-4176C6B630A1}.Debug|Any CPU.Build.0 = Debug|Any CPU
		{2AD45622-3639-49AB-BE46-4176C6B630A1}.Debug|ARM64.ActiveCfg = Debug|ARM64
		{2AD45622-3639-49AB-BE46-4176C6B630A1}.Debug|ARM64.Build.0 = Debug|ARM64
		{2AD45622-3639-49AB-BE46-4176C6B630A1}.Debug|x64.ActiveCfg = Debug|x64
		{2AD45622-3639-49AB-BE46-4176C6B630A1}.Debug|x64.Build.0 = Debug|x64
		{2AD45622-3639-49AB-BE46-4176C6B630A1}.Release|Any CPU.ActiveCfg = Release|Any CPU
		{2AD45622-3639-49AB-BE46-4176C6B630A1}.Release|Any CPU.Build.0 = Release|Any CPU
		{2AD45622-3639-49AB-BE46-4176C6B630A1}.Release|ARM64.ActiveCfg = Release|ARM64
		{2AD45622-3639-49AB-BE46-4176C6B630A1}.Release|ARM64.Build.0 = Release|ARM64
		{2AD45622-3639-49AB-BE46-4176C6B630A1}.Release|x64.ActiveCfg = Release|x64
		{2AD45622-3639-49AB-BE46-4176C6B630A1}.Release|x64.Build.0 = Release|x64
		{25E1C861-EBB0-47EF-AEA4-2DDB6B2965B8}.Debug|Any CPU.ActiveCfg = Debug|Any CPU
		{25E1C861-EBB0-47EF-AEA4-2DDB6B2965B8}.Debug|Any CPU.Build.0 = Debug|Any CPU
		{25E1C861-EBB0-47EF-AEA4-2DDB6B2965B8}.Debug|ARM64.ActiveCfg = Debug|Any CPU
		{25E1C861-EBB0-47EF-AEA4-2DDB6B2965B8}.Debug|ARM64.Build.0 = Debug|Any CPU
		{25E1C861-EBB0-47EF-AEA4-2DDB6B2965B8}.Debug|x64.ActiveCfg = Debug|Any CPU
		{25E1C861-EBB0-47EF-AEA4-2DDB6B2965B8}.Debug|x64.Build.0 = Debug|Any CPU
		{25E1C861-EBB0-47EF-AEA4-2DDB6B2965B8}.Release|Any CPU.ActiveCfg = Release|Any CPU
		{25E1C861-EBB0-47EF-AEA4-2DDB6B2965B8}.Release|Any CPU.Build.0 = Release|Any CPU
		{25E1C861-EBB0-47EF-AEA4-2DDB6B2965B8}.Release|ARM64.ActiveCfg = Release|Any CPU
		{25E1C861-EBB0-47EF-AEA4-2DDB6B2965B8}.Release|ARM64.Build.0 = Release|Any CPU
		{25E1C861-EBB0-47EF-AEA4-2DDB6B2965B8}.Release|x64.ActiveCfg = Release|Any CPU
		{25E1C861-EBB0-47EF-AEA4-2DDB6B2965B8}.Release|x64.Build.0 = Release|Any CPU
		{FA57023C-3399-45A4-A339-E453002BD878}.Debug|Any CPU.ActiveCfg = Debug|Any CPU
		{FA57023C-3399-45A4-A339-E453002BD878}.Debug|Any CPU.Build.0 = Debug|Any CPU
		{FA57023C-3399-45A4-A339-E453002BD878}.Debug|ARM64.ActiveCfg = Debug|Any CPU
		{FA57023C-3399-45A4-A339-E453002BD878}.Debug|ARM64.Build.0 = Debug|Any CPU
		{FA57023C-3399-45A4-A339-E453002BD878}.Debug|x64.ActiveCfg = Debug|x64
		{FA57023C-3399-45A4-A339-E453002BD878}.Debug|x64.Build.0 = Debug|x64
		{FA57023C-3399-45A4-A339-E453002BD878}.Release|Any CPU.ActiveCfg = Release|Any CPU
		{FA57023C-3399-45A4-A339-E453002BD878}.Release|Any CPU.Build.0 = Release|Any CPU
		{FA57023C-3399-45A4-A339-E453002BD878}.Release|ARM64.ActiveCfg = Release|Any CPU
		{FA57023C-3399-45A4-A339-E453002BD878}.Release|ARM64.Build.0 = Release|Any CPU
		{FA57023C-3399-45A4-A339-E453002BD878}.Release|x64.ActiveCfg = Release|x64
		{FA57023C-3399-45A4-A339-E453002BD878}.Release|x64.Build.0 = Release|x64
		{758D59B2-C438-4DE4-B135-7FF0614FE4B7}.Debug|Any CPU.ActiveCfg = Debug|Any CPU
		{758D59B2-C438-4DE4-B135-7FF0614FE4B7}.Debug|Any CPU.Build.0 = Debug|Any CPU
		{758D59B2-C438-4DE4-B135-7FF0614FE4B7}.Debug|ARM64.ActiveCfg = Debug|Any CPU
		{758D59B2-C438-4DE4-B135-7FF0614FE4B7}.Debug|ARM64.Build.0 = Debug|Any CPU
		{758D59B2-C438-4DE4-B135-7FF0614FE4B7}.Debug|x64.ActiveCfg = Debug|Any CPU
		{758D59B2-C438-4DE4-B135-7FF0614FE4B7}.Debug|x64.Build.0 = Debug|Any CPU
		{758D59B2-C438-4DE4-B135-7FF0614FE4B7}.Release|Any CPU.ActiveCfg = Release|Any CPU
		{758D59B2-C438-4DE4-B135-7FF0614FE4B7}.Release|Any CPU.Build.0 = Release|Any CPU
		{758D59B2-C438-4DE4-B135-7FF0614FE4B7}.Release|ARM64.ActiveCfg = Release|Any CPU
		{758D59B2-C438-4DE4-B135-7FF0614FE4B7}.Release|ARM64.Build.0 = Release|Any CPU
		{758D59B2-C438-4DE4-B135-7FF0614FE4B7}.Release|x64.ActiveCfg = Release|Any CPU
		{758D59B2-C438-4DE4-B135-7FF0614FE4B7}.Release|x64.Build.0 = Release|Any CPU
		{24270E1E-8C24-40B0-A463-98753DFAA4AE}.Debug|Any CPU.ActiveCfg = Debug|Any CPU
		{24270E1E-8C24-40B0-A463-98753DFAA4AE}.Debug|Any CPU.Build.0 = Debug|Any CPU
		{24270E1E-8C24-40B0-A463-98753DFAA4AE}.Debug|ARM64.ActiveCfg = Debug|Any CPU
		{24270E1E-8C24-40B0-A463-98753DFAA4AE}.Debug|ARM64.Build.0 = Debug|Any CPU
		{24270E1E-8C24-40B0-A463-98753DFAA4AE}.Debug|x64.ActiveCfg = Debug|x64
		{24270E1E-8C24-40B0-A463-98753DFAA4AE}.Debug|x64.Build.0 = Debug|x64
		{24270E1E-8C24-40B0-A463-98753DFAA4AE}.Release|Any CPU.ActiveCfg = Release|Any CPU
		{24270E1E-8C24-40B0-A463-98753DFAA4AE}.Release|Any CPU.Build.0 = Release|Any CPU
		{24270E1E-8C24-40B0-A463-98753DFAA4AE}.Release|ARM64.ActiveCfg = Release|Any CPU
		{24270E1E-8C24-40B0-A463-98753DFAA4AE}.Release|ARM64.Build.0 = Release|Any CPU
		{24270E1E-8C24-40B0-A463-98753DFAA4AE}.Release|x64.ActiveCfg = Release|x64
		{24270E1E-8C24-40B0-A463-98753DFAA4AE}.Release|x64.Build.0 = Release|x64
		{7A2F2592-3079-441C-8704-E71CE75BC593}.Debug|Any CPU.ActiveCfg = Debug|Any CPU
		{7A2F2592-3079-441C-8704-E71CE75BC593}.Debug|Any CPU.Build.0 = Debug|Any CPU
		{7A2F2592-3079-441C-8704-E71CE75BC593}.Debug|ARM64.ActiveCfg = Debug|Any CPU
		{7A2F2592-3079-441C-8704-E71CE75BC593}.Debug|ARM64.Build.0 = Debug|Any CPU
		{7A2F2592-3079-441C-8704-E71CE75BC593}.Debug|x64.ActiveCfg = Debug|Any CPU
		{7A2F2592-3079-441C-8704-E71CE75BC593}.Debug|x64.Build.0 = Debug|Any CPU
		{7A2F2592-3079-441C-8704-E71CE75BC593}.Release|Any CPU.ActiveCfg = Release|Any CPU
		{7A2F2592-3079-441C-8704-E71CE75BC593}.Release|Any CPU.Build.0 = Release|Any CPU
		{7A2F2592-3079-441C-8704-E71CE75BC593}.Release|ARM64.ActiveCfg = Release|Any CPU
		{7A2F2592-3079-441C-8704-E71CE75BC593}.Release|ARM64.Build.0 = Release|Any CPU
		{7A2F2592-3079-441C-8704-E71CE75BC593}.Release|x64.ActiveCfg = Release|Any CPU
		{7A2F2592-3079-441C-8704-E71CE75BC593}.Release|x64.Build.0 = Release|Any CPU
	EndGlobalSection
	GlobalSection(SolutionProperties) = preSolution
		HideSolutionNode = FALSE
	EndGlobalSection
	GlobalSection(NestedProjects) = preSolution
		{FA57023C-3399-45A4-A339-E453002BD878} = {D174A054-FF31-4CB5-B59F-462141EB6AA8}
		{758D59B2-C438-4DE4-B135-7FF0614FE4B7} = {D174A054-FF31-4CB5-B59F-462141EB6AA8}
		{24270E1E-8C24-40B0-A463-98753DFAA4AE} = {D174A054-FF31-4CB5-B59F-462141EB6AA8}
		{7A2F2592-3079-441C-8704-E71CE75BC593} = {D174A054-FF31-4CB5-B59F-462141EB6AA8}
	EndGlobalSection
	GlobalSection(ExtensibilityGlobals) = postSolution
		SolutionGuid = {2FCD8A46-90E1-4BB1-802F-E002F465EC8C}
	EndGlobalSection
EndGlobal
